PODS:
  - ChameleonFramework/Default (2.1.0)
  - ChameleonFramework/Swift (2.1.0):
    - ChameleonFramework/Default
  - ProgressHUD (2.51)

DEPENDENCIES:
  - ChameleonFramework/Swift (from `https://github.com/ViccAlexander/Chameleon.git`)
  - ProgressHUD

SPEC REPOS:
  https://github.com/cocoapods/specs.git:
    - ProgressHUD

EXTERNAL SOURCES:
  ChameleonFramework:
    :git: https://github.com/ViccAlexander/Chameleon.git

CHECKOUT OPTIONS:
  ChameleonFramework:
    :commit: 6dd284bde21ea2e7f9fd89bc36f40df16e16369d
    :git: https://github.com/ViccAlexander/Chameleon.git

SPEC CHECKSUMS:
  ChameleonFramework: d21a3cc247abfe5e37609a283a8238b03575cf64
  ProgressHUD: 54b4c2fa202bf3da7dddc1c698ae4e6376333bd9

PODFILE CHECKSUM: a932f9a52c2882c06347c497241617d1082cda6b

COCOAPODS: 1.5.3
